schema: '2.0'
stages:
  load_data:
    cmd: python src/stage_01_load_save_data.py -c=configs/config.yaml
    deps:
    - path: configs/config.yaml
      md5: 086f613dbcb812321d7696ddc831115b
      size: 253
    - path: src/stage_01_load_save_data.py
      md5: 7c33c9e8a73e36ec10845ee333a09225
      size: 2050
    - path: src/utils/common.py
      md5: d162961d817182441383bdb0e674e685
      size: 675
    outs:
    - path: artifacts/raw_local_dir/data.csv
      md5: 7d814a1bda02145efe703f4e1c01847a
      size: 93599
